
Microsoft Visual Studio Solution File, Format Version 12.00
# Visual Studio Version 17
VisualStudioVersion = 17.14.36414.22
MinimumVisualStudioVersion = 10.0.40219.1
Project("{FAE04EC0-301F-11D3-BF4B-00C04F79EFBC}") = "Contract_Monthly_Claim_System", "Contract_Monthly_Claim_System.csproj", "{AF15B08C-FC7B-4D0A-8861-67237BF3EED9}"
EndProject
Global
	GlobalSection(SolutionConfigurationPlatforms) = preSolution
		Debug|Any CPU = Debug|Any CPU
		Release|Any CPU = Release|Any CPU
	EndGlobalSection
	GlobalSection(ProjectConfigurationPlatforms) = postSolution
		{AF15B08C-FC7B-4D0A-8861-67237BF3EED9}.Debug|Any CPU.ActiveCfg = Debug|Any CPU
		{AF15B08C-FC7B-4D0A-8861-67237BF3EED9}.Debug|Any CPU.Build.0 = Debug|Any CPU
		{AF15B08C-FC7B-4D0A-8861-67237BF3EED9}.Release|Any CPU.ActiveCfg = Release|Any CPU
		{AF15B08C-FC7B-4D0A-8861-67237BF3EED9}.Release|Any CPU.Build.0 = Release|Any CPU
	EndGlobalSection
	GlobalSection(SolutionProperties) = preSolution
		HideSolutionNode = FALSE
	EndGlobalSection
	GlobalSection(ExtensibilityGlobals) = postSolution
		SolutionGuid = {495C4412-8302-4A10-AFCC-331CA156323F}
	EndGlobalSection
EndGlobal
